PODS:
  - CocoaAsyncSocket (7.6.4)
  - Masonry (1.1.0)
  - SocketRocket (0.5.1)

DEPENDENCIES:
  - CocoaAsyncSocket
  - Masonry
  - SocketRocket

SPEC REPOS:
  trunk:
    - CocoaAsyncSocket
    - Masonry
    - SocketRocket

SPEC CHECKSUMS:
  CocoaAsyncSocket: 694058e7c0ed05a9e217d1b3c7ded962f4180845
  Masonry: 678fab65091a9290e40e2832a55e7ab731aad201
  SocketRocket: d57c7159b83c3c6655745cd15302aa24b6bae531

PODFILE CHECKSUM: e8bd5dc93a20844d05a9740ad05e72f32ad7c264

COCOAPODS: 1.9.0
